<Solution>
  <Folder Name="/Clients/">
    <Project Path="Clients/AIKit.Clients.AzureClaude/AIKit.Clients.AzureClaude.csproj" Id="64270ef4-f3ac-477e-8a54-8cd07a08c345" />
    <Project Path="Clients/AIKit.Clients.AzureOpenAI/AIKit.Clients.AzureOpenAI.csproj" />
    <Project Path="Clients/AIKit.Clients.Bedrock/AIKit.Clients.Bedrock.csproj" Id="5318a867-c8fd-4620-875e-8386827f08b2" />
    <Project Path="Clients/AIKit.Clients.Claude/AIKit.Clients.Claude.csproj" Id="cb6f24e4-a951-4691-a140-2730085b72b0" />
    <Project Path="Clients/AIKit.Clients.Gemini/AIKit.Clients.Gemini.csproj" Id="d084897f-1c53-4183-9da3-65bf4630bada" />
    <Project Path="Clients/AIKit.Clients.GitHub/AIKit.Clients.GitHub.csproj" Id="5dba59f1-904b-428c-932e-39cb020e79ea" />
    <Project Path="Clients/AIKit.Clients.Groq/AIKit.Clients.Groq.csproj" />
    <Project Path="Clients/AIKit.Clients.Mistral/AIKit.Clients.Mistral.csproj" />
    <Project Path="Clients/AIKit.Clients.Ollama/AIKit.Clients.Ollama.csproj" Id="b39732ec-8199-4fbf-a1e8-9742bcd3b516" />
    <Project Path="Clients/AIKit.Clients.OpenAI/AIKit.Clients.OpenAI.csproj" />
    <Project Path="Clients/AIKit.Clients.Tests/AIKit.Clients.Tests.csproj" />
    <Project Path="Clients/AIKit.Clients/AIKit.Clients.csproj" />
  </Folder>
  <Folder Name="/Data Ingestion/">
    <Project Path="Data Ingestion/AIKit.DataIngestion.Extensions/AIKit.DataIngestion.Extensions.csproj" />
    <Project Path="Data Ingestion/AIKit.DataIngestion.Tests/AIKit.DataIngestion.Tests.csproj" />
    <Project Path="Data Ingestion/AIKit.DataIngestion/AIKit.DataIngestion.csproj" />
  </Folder>
  <Folder Name="/Prompts/">
    <Project Path="Prompts/AIKit.Prompts.Handlebars/AIKit.Prompts.Handlebars.csproj" Id="14fcccc2-57a3-4d67-8b11-4978f0774fed" />
    <Project Path="Prompts/AIKit.Prompts.Jinja2/AIKit.Prompts.Jinja2.csproj" />
    <Project Path="Prompts/AIKit.Prompts.Liquid/AIKit.Prompts.Liquid.csproj" />
    <Project Path="Prompts/AIKit.Prompts.Tests/AIKit.Prompts.Tests.csproj" />
    <Project Path="Prompts/AIKit.Prompts/AIKit.Prompts.csproj" />
  </Folder>
  <Folder Name="/Samples/">
    <Project Path="Samples/AIKit.Samples.BasicRAG/AIKit.Samples.BasicRAG.csproj" />
  </Folder>
  <Folder Name="/Solution Items/">
    <File Path=".editorconfig" />
  </Folder>
  <Folder Name="/Storage/">
    <Project Path="Storage/AIKit.Core.Storage.Tests/AIKit.Storage.Tests.csproj" />
    <Project Path="Storage/AIKit.Core.Storage/AIKit.Storage.csproj" Id="32289835-b9d5-4fc1-a329-7c604c93cc46" />
    <Project Path="Storage/AIKit.Storage.Azure/AIKit.Storage.Azure.csproj" />
    <Project Path="Storage/AIKit.Storage.Local/AIKit.Storage.Local.csproj" Id="2801912a-fd54-401c-b832-5a364e6c23a8" />
  </Folder>
  <Folder Name="/Vector Stores/">
    <Project Path="VectorStores/AIKit.VectorStores.AzureAISearch/AIKit.VectorStores.AzureAISearch.csproj" />
    <Project Path="VectorStores/AIKit.VectorStores.CosmosMongoDB/AIKit.VectorStores.CosmosMongoDB.csproj" />
    <Project Path="VectorStores/AIKit.VectorStores.CosmosNoSQL/AIKit.VectorStores.CosmosNoSQL.csproj" />
    <Project Path="VectorStores/AIKit.VectorStores.Elasticsearch/AIKit.VectorStores.Elasticsearch.csproj" />
    <Project Path="VectorStores/AIKit.VectorStores.InMemory/AIKit.VectorStores.InMemory.csproj" />
    <Project Path="VectorStores/AIKit.VectorStores.MongoDB/AIKit.VectorStores.MongoDB.csproj" />
    <Project Path="VectorStores/AIKit.VectorStores.PgVector/AIKit.VectorStores.PgVector.csproj" />
    <Project Path="VectorStores/AIKit.VectorStores.Qdrant/AIKit.VectorStores.Qdrant.csproj" />
    <Project Path="VectorStores/AIKit.VectorStores.Redis/AIKit.VectorStores.Redis.csproj" />
    <Project Path="VectorStores/AIKit.VectorStores.SqliteVec/AIKit.VectorStores.SqliteVec.csproj" />
    <Project Path="VectorStores/AIKit.VectorStores.SqlServer/AIKit.VectorStores.SqlServer.csproj" />
    <Project Path="VectorStores/AIKit.VectorStores.Tests/AIKit.VectorStores.Tests.csproj" Id="de383f6d-e1a1-4354-a7a0-e8b719dadbe9" />
    <Project Path="VectorStores/AIKit.VectorStores.Weaviate/AIKit.VectorStores.Weaviate.csproj" />
    <Project Path="VectorStores/AIKit.VectorStores/AIKit.VectorStores.csproj" />
  </Folder>
</Solution>
